
Microsoft Visual Studio Solution File, Format Version 12.00
# Visual Studio Version 17
VisualStudioVersion = 17.3.32901.215
MinimumVisualStudioVersion = 10.0.40219.1
Project("{FAE04EC0-301F-11D3-BF4B-00C04F79EFBC}") = "HomeWork10", "HomeWork10\HomeWork10.csproj", "{1707F81E-F493-4095-B3D5-D83893E7925A}"
EndProject
Global
	GlobalSection(SolutionConfigurationPlatforms) = preSolution
		Debug|Any CPU = Debug|Any CPU
		Release|Any CPU = Release|Any CPU
	EndGlobalSection
	GlobalSection(ProjectConfigurationPlatforms) = postSolution
		{1707F81E-F493-4095-B3D5-D83893E7925A}.Debug|Any CPU.ActiveCfg = Debug|Any CPU
		{1707F81E-F493-4095-B3D5-D83893E7925A}.Debug|Any CPU.Build.0 = Debug|Any CPU
		{1707F81E-F493-4095-B3D5-D83893E7925A}.Release|Any CPU.ActiveCfg = Release|Any CPU
		{1707F81E-F493-4095-B3D5-D83893E7925A}.Release|Any CPU.Build.0 = Release|Any CPU
	EndGlobalSection
	GlobalSection(SolutionProperties) = preSolution
		HideSolutionNode = FALSE
	EndGlobalSection
	GlobalSection(ExtensibilityGlobals) = postSolution
		SolutionGuid = {8213E98A-58C5-4F84-9AEC-816222BF792C}
	EndGlobalSection
EndGlobal
